
Microsoft Visual Studio Solution File, Format Version 12.00
# Visual Studio 2013
VisualStudioVersion = 12.0.40629.0
MinimumVisualStudioVersion = 10.0.40219.1
Project("{FAE04EC0-301F-11D3-BF4B-00C04F79EFBC}") = "VentaResT", "Test\VentaResT.csproj", "{C0D3FB95-082A-4B70-95B3-2401FB08488F}"
EndProject
Project("{FAE04EC0-301F-11D3-BF4B-00C04F79EFBC}") = "ventaRT", "programaEjemplo\ventaRT.csproj", "{FEA0E57D-C7ED-4A41-A8AA-5A25916CE8ED}"
EndProject
Global
	GlobalSection(SolutionConfigurationPlatforms) = preSolution
		Debug|Any CPU = Debug|Any CPU
		Debug|x86 = Debug|x86
		Release|Any CPU = Release|Any CPU
		Release|x86 = Release|x86
	EndGlobalSection
	GlobalSection(ProjectConfigurationPlatforms) = postSolution
		{C0D3FB95-082A-4B70-95B3-2401FB08488F}.Debug|Any CPU.ActiveCfg = Debug|Any CPU
		{C0D3FB95-082A-4B70-95B3-2401FB08488F}.Debug|Any CPU.Build.0 = Debug|Any CPU
		{C0D3FB95-082A-4B70-95B3-2401FB08488F}.Debug|x86.ActiveCfg = Debug|x86
		{C0D3FB95-082A-4B70-95B3-2401FB08488F}.Debug|x86.Build.0 = Debug|x86
		{C0D3FB95-082A-4B70-95B3-2401FB08488F}.Release|Any CPU.ActiveCfg = Release|Any CPU
		{C0D3FB95-082A-4B70-95B3-2401FB08488F}.Release|Any CPU.Build.0 = Release|Any CPU
		{C0D3FB95-082A-4B70-95B3-2401FB08488F}.Release|x86.ActiveCfg = Release|Any CPU
		{C0D3FB95-082A-4B70-95B3-2401FB08488F}.Release|x86.Build.0 = Release|Any CPU
		{FEA0E57D-C7ED-4A41-A8AA-5A25916CE8ED}.Debug|Any CPU.ActiveCfg = Debug|Any CPU
		{FEA0E57D-C7ED-4A41-A8AA-5A25916CE8ED}.Debug|Any CPU.Build.0 = Debug|Any CPU
		{FEA0E57D-C7ED-4A41-A8AA-5A25916CE8ED}.Debug|x86.ActiveCfg = Debug|x86
		{FEA0E57D-C7ED-4A41-A8AA-5A25916CE8ED}.Debug|x86.Build.0 = Debug|x86
		{FEA0E57D-C7ED-4A41-A8AA-5A25916CE8ED}.Release|Any CPU.ActiveCfg = Release|Any CPU
		{FEA0E57D-C7ED-4A41-A8AA-5A25916CE8ED}.Release|Any CPU.Build.0 = Release|Any CPU
		{FEA0E57D-C7ED-4A41-A8AA-5A25916CE8ED}.Release|x86.ActiveCfg = Release|x86
		{FEA0E57D-C7ED-4A41-A8AA-5A25916CE8ED}.Release|x86.Build.0 = Release|x86
	EndGlobalSection
	GlobalSection(SolutionProperties) = preSolution
		HideSolutionNode = FALSE
	EndGlobalSection
EndGlobal
